
Microsoft Visual Studio Solution File, Format Version 12.00
# Visual Studio Version 17
VisualStudioVersion = 17.14.36623.8
MinimumVisualStudioVersion = 10.0.40219.1
Project("{FAE04EC0-301F-11D3-BF4B-00C04F79EFBC}") = "Articulos-web", "Articulos-web\Articulos-web.csproj", "{68CC6ECB-A805-46AB-9E0A-0DF34A402CD1}"
EndProject
Project("{FAE04EC0-301F-11D3-BF4B-00C04F79EFBC}") = "Datos", "Datos\Datos.csproj", "{226F3D1B-687F-490F-AC11-D112B0765886}"
EndProject
Project("{FAE04EC0-301F-11D3-BF4B-00C04F79EFBC}") = "Dominio", "Dominio\Dominio.csproj", "{81DF4E1A-0F76-4E19-96BF-A6A993B786DC}"
EndProject
Project("{FAE04EC0-301F-11D3-BF4B-00C04F79EFBC}") = "Acceso-datos", "Acceso-datos\Acceso-datos.csproj", "{CE245FB8-D5CA-41D4-9FB2-2A8A417BC0DA}"
EndProject
Global
	GlobalSection(SolutionConfigurationPlatforms) = preSolution
		Debug|Any CPU = Debug|Any CPU
		Release|Any CPU = Release|Any CPU
	EndGlobalSection
	GlobalSection(ProjectConfigurationPlatforms) = postSolution
		{68CC6ECB-A805-46AB-9E0A-0DF34A402CD1}.Debug|Any CPU.ActiveCfg = Debug|Any CPU
		{68CC6ECB-A805-46AB-9E0A-0DF34A402CD1}.Debug|Any CPU.Build.0 = Debug|Any CPU
		{68CC6ECB-A805-46AB-9E0A-0DF34A402CD1}.Release|Any CPU.ActiveCfg = Release|Any CPU
		{68CC6ECB-A805-46AB-9E0A-0DF34A402CD1}.Release|Any CPU.Build.0 = Release|Any CPU
		{226F3D1B-687F-490F-AC11-D112B0765886}.Debug|Any CPU.ActiveCfg = Debug|Any CPU
		{226F3D1B-687F-490F-AC11-D112B0765886}.Debug|Any CPU.Build.0 = Debug|Any CPU
		{226F3D1B-687F-490F-AC11-D112B0765886}.Release|Any CPU.ActiveCfg = Release|Any CPU
		{226F3D1B-687F-490F-AC11-D112B0765886}.Release|Any CPU.Build.0 = Release|Any CPU
		{81DF4E1A-0F76-4E19-96BF-A6A993B786DC}.Debug|Any CPU.ActiveCfg = Debug|Any CPU
		{81DF4E1A-0F76-4E19-96BF-A6A993B786DC}.Debug|Any CPU.Build.0 = Debug|Any CPU
		{81DF4E1A-0F76-4E19-96BF-A6A993B786DC}.Release|Any CPU.ActiveCfg = Release|Any CPU
		{81DF4E1A-0F76-4E19-96BF-A6A993B786DC}.Release|Any CPU.Build.0 = Release|Any CPU
		{CE245FB8-D5CA-41D4-9FB2-2A8A417BC0DA}.Debug|Any CPU.ActiveCfg = Debug|Any CPU
		{CE245FB8-D5CA-41D4-9FB2-2A8A417BC0DA}.Debug|Any CPU.Build.0 = Debug|Any CPU
		{CE245FB8-D5CA-41D4-9FB2-2A8A417BC0DA}.Release|Any CPU.ActiveCfg = Release|Any CPU
		{CE245FB8-D5CA-41D4-9FB2-2A8A417BC0DA}.Release|Any CPU.Build.0 = Release|Any CPU
	EndGlobalSection
	GlobalSection(SolutionProperties) = preSolution
		HideSolutionNode = FALSE
	EndGlobalSection
	GlobalSection(ExtensibilityGlobals) = postSolution
		SolutionGuid = {CD078A9D-13E7-4293-ABA4-23460210031E}
	EndGlobalSection
EndGlobal
